
Microsoft Visual Studio Solution File, Format Version 12.00
# Visual Studio 14
VisualStudioVersion = 14.0.25420.1
MinimumVisualStudioVersion = 10.0.40219.1
Project("{FAE04EC0-301F-11D3-BF4B-00C04F79EFBC}") = "HIS_PR", "HIS_PR\HIS_PR.csproj", "{3586E4AF-28CB-4925-ACEF-98B8C2B361DA}"
	ProjectSection(ProjectDependencies) = postProject
		{E8A75724-F20A-4710-BCB7-CB7E1E0B5BE2} = {E8A75724-F20A-4710-BCB7-CB7E1E0B5BE2}
		{559E5DFE-9BE4-42A8-BAA9-902EA4715DA5} = {559E5DFE-9BE4-42A8-BAA9-902EA4715DA5}
	EndProjectSection
EndProject
Project("{2150E333-8FDC-42A3-9474-1A3956D46DE8}") = "HeThong", "HeThong", "{EA271B17-D5FE-4F33-951C-51ECA0D81570}"
EndProject
Project("{2150E333-8FDC-42A3-9474-1A3956D46DE8}") = "DanhMuc", "DanhMuc", "{C274F1B2-3836-461F-B509-29BC98D1BAFB}"
EndProject
Project("{FAE04EC0-301F-11D3-BF4B-00C04F79EFBC}") = "DanhMuc.GUI", "DanhMuc.GUI\DanhMuc.GUI.csproj", "{36D3E6D8-2501-44D6-B815-B93610699F99}"
EndProject
Project("{FAE04EC0-301F-11D3-BF4B-00C04F79EFBC}") = "HeThong.GUI", "HeThong.GUI\HeThong.GUI.csproj", "{2E3951DB-34F2-45C4-8C21-69F88B2633F7}"
EndProject
Project("{2150E333-8FDC-42A3-9474-1A3956D46DE8}") = "Core", "Core", "{B95F8785-502C-41AF-A912-9563937F0713}"
EndProject
Project("{FAE04EC0-301F-11D3-BF4B-00C04F79EFBC}") = "Core.DAL", "Core.DAL\Core.DAL.csproj", "{C6E86929-31E5-41E4-99DE-E25F3FADB210}"
EndProject
Project("{FAE04EC0-301F-11D3-BF4B-00C04F79EFBC}") = "HeThong.DAL", "HeThong.DAL\HeThong.DAL.csproj", "{E8A75724-F20A-4710-BCB7-CB7E1E0B5BE2}"
EndProject
Project("{FAE04EC0-301F-11D3-BF4B-00C04F79EFBC}") = "DanhMuc.DAL", "DanhMuc.DAL\DanhMuc.DAL.csproj", "{559E5DFE-9BE4-42A8-BAA9-902EA4715DA5}"
EndProject
Project("{2150E333-8FDC-42A3-9474-1A3956D46DE8}") = "DuocPham", "DuocPham", "{E9A02F81-934D-4F07-A82F-B72BA476A34A}"
EndProject
Project("{FAE04EC0-301F-11D3-BF4B-00C04F79EFBC}") = "DuocPham.GUI", "DuocPham.GUI\DuocPham.GUI.csproj", "{07602941-C638-4756-AE0C-10EBC9ACF3B5}"
EndProject
Project("{FAE04EC0-301F-11D3-BF4B-00C04F79EFBC}") = "DuocPham.DAL", "DuocPham.DAL\DuocPham.DAL.csproj", "{71BB2B89-1AEC-4F03-9C91-D859AF7ACDA1}"
EndProject
Project("{2150E333-8FDC-42A3-9474-1A3956D46DE8}") = "BaoCao", "BaoCao", "{818D07C9-A30E-4F33-BCC4-893B71ECE527}"
EndProject
Project("{FAE04EC0-301F-11D3-BF4B-00C04F79EFBC}") = "BaoCao.GUI", "BaoCao.GUI\BaoCao.GUI.csproj", "{EC5BF0F4-A414-45D2-A4C6-7C698F26324A}"
EndProject
Project("{FAE04EC0-301F-11D3-BF4B-00C04F79EFBC}") = "BaoCao.DAL", "BaoCao.DAL\BaoCao.DAL.csproj", "{F0841F1F-5F9F-4266-9A80-9F0A635167C4}"
EndProject
Project("{2150E333-8FDC-42A3-9474-1A3956D46DE8}") = "KhamBenh", "KhamBenh", "{9294EE74-E7D6-48A0-9E6D-987E9FB122B7}"
EndProject
Project("{FAE04EC0-301F-11D3-BF4B-00C04F79EFBC}") = "KhamBenh.DAL", "KhamBenh.DAL\KhamBenh.DAL.csproj", "{F0C49925-9660-4D7A-B777-A99B3EC3C4B6}"
EndProject
Project("{FAE04EC0-301F-11D3-BF4B-00C04F79EFBC}") = "TiepNhan.GUI", "TiepNhan.GUI\TiepNhan.GUI.csproj", "{5A88788C-249F-4168-A604-CE2502819E32}"
EndProject
Global
	GlobalSection(SolutionConfigurationPlatforms) = preSolution
		Debug|Any CPU = Debug|Any CPU
		Release|Any CPU = Release|Any CPU
	EndGlobalSection
	GlobalSection(ProjectConfigurationPlatforms) = postSolution
		{3586E4AF-28CB-4925-ACEF-98B8C2B361DA}.Debug|Any CPU.ActiveCfg = Debug|Any CPU
		{3586E4AF-28CB-4925-ACEF-98B8C2B361DA}.Debug|Any CPU.Build.0 = Debug|Any CPU
		{3586E4AF-28CB-4925-ACEF-98B8C2B361DA}.Release|Any CPU.ActiveCfg = Release|Any CPU
		{3586E4AF-28CB-4925-ACEF-98B8C2B361DA}.Release|Any CPU.Build.0 = Release|Any CPU
		{36D3E6D8-2501-44D6-B815-B93610699F99}.Debug|Any CPU.ActiveCfg = Debug|Any CPU
		{36D3E6D8-2501-44D6-B815-B93610699F99}.Debug|Any CPU.Build.0 = Debug|Any CPU
		{36D3E6D8-2501-44D6-B815-B93610699F99}.Release|Any CPU.ActiveCfg = Release|Any CPU
		{36D3E6D8-2501-44D6-B815-B93610699F99}.Release|Any CPU.Build.0 = Release|Any CPU
		{2E3951DB-34F2-45C4-8C21-69F88B2633F7}.Debug|Any CPU.ActiveCfg = Debug|Any CPU
		{2E3951DB-34F2-45C4-8C21-69F88B2633F7}.Debug|Any CPU.Build.0 = Debug|Any CPU
		{2E3951DB-34F2-45C4-8C21-69F88B2633F7}.Release|Any CPU.ActiveCfg = Release|Any CPU
		{2E3951DB-34F2-45C4-8C21-69F88B2633F7}.Release|Any CPU.Build.0 = Release|Any CPU
		{C6E86929-31E5-41E4-99DE-E25F3FADB210}.Debug|Any CPU.ActiveCfg = Debug|Any CPU
		{C6E86929-31E5-41E4-99DE-E25F3FADB210}.Debug|Any CPU.Build.0 = Debug|Any CPU
		{C6E86929-31E5-41E4-99DE-E25F3FADB210}.Release|Any CPU.ActiveCfg = Release|Any CPU
		{C6E86929-31E5-41E4-99DE-E25F3FADB210}.Release|Any CPU.Build.0 = Release|Any CPU
		{E8A75724-F20A-4710-BCB7-CB7E1E0B5BE2}.Debug|Any CPU.ActiveCfg = Debug|Any CPU
		{E8A75724-F20A-4710-BCB7-CB7E1E0B5BE2}.Debug|Any CPU.Build.0 = Debug|Any CPU
		{E8A75724-F20A-4710-BCB7-CB7E1E0B5BE2}.Release|Any CPU.ActiveCfg = Release|Any CPU
		{E8A75724-F20A-4710-BCB7-CB7E1E0B5BE2}.Release|Any CPU.Build.0 = Release|Any CPU
		{559E5DFE-9BE4-42A8-BAA9-902EA4715DA5}.Debug|Any CPU.ActiveCfg = Debug|Any CPU
		{559E5DFE-9BE4-42A8-BAA9-902EA4715DA5}.Debug|Any CPU.Build.0 = Debug|Any CPU
		{559E5DFE-9BE4-42A8-BAA9-902EA4715DA5}.Release|Any CPU.ActiveCfg = Release|Any CPU
		{559E5DFE-9BE4-42A8-BAA9-902EA4715DA5}.Release|Any CPU.Build.0 = Release|Any CPU
		{07602941-C638-4756-AE0C-10EBC9ACF3B5}.Debug|Any CPU.ActiveCfg = Debug|Any CPU
		{07602941-C638-4756-AE0C-10EBC9ACF3B5}.Debug|Any CPU.Build.0 = Debug|Any CPU
		{07602941-C638-4756-AE0C-10EBC9ACF3B5}.Release|Any CPU.ActiveCfg = Release|Any CPU
		{07602941-C638-4756-AE0C-10EBC9ACF3B5}.Release|Any CPU.Build.0 = Release|Any CPU
		{71BB2B89-1AEC-4F03-9C91-D859AF7ACDA1}.Debug|Any CPU.ActiveCfg = Debug|Any CPU
		{71BB2B89-1AEC-4F03-9C91-D859AF7ACDA1}.Debug|Any CPU.Build.0 = Debug|Any CPU
		{71BB2B89-1AEC-4F03-9C91-D859AF7ACDA1}.Release|Any CPU.ActiveCfg = Release|Any CPU
		{71BB2B89-1AEC-4F03-9C91-D859AF7ACDA1}.Release|Any CPU.Build.0 = Release|Any CPU
		{EC5BF0F4-A414-45D2-A4C6-7C698F26324A}.Debug|Any CPU.ActiveCfg = Debug|Any CPU
		{EC5BF0F4-A414-45D2-A4C6-7C698F26324A}.Debug|Any CPU.Build.0 = Debug|Any CPU
		{EC5BF0F4-A414-45D2-A4C6-7C698F26324A}.Release|Any CPU.ActiveCfg = Release|Any CPU
		{EC5BF0F4-A414-45D2-A4C6-7C698F26324A}.Release|Any CPU.Build.0 = Release|Any CPU
		{F0841F1F-5F9F-4266-9A80-9F0A635167C4}.Debug|Any CPU.ActiveCfg = Debug|Any CPU
		{F0841F1F-5F9F-4266-9A80-9F0A635167C4}.Debug|Any CPU.Build.0 = Debug|Any CPU
		{F0841F1F-5F9F-4266-9A80-9F0A635167C4}.Release|Any CPU.ActiveCfg = Release|Any CPU
		{F0841F1F-5F9F-4266-9A80-9F0A635167C4}.Release|Any CPU.Build.0 = Release|Any CPU
		{F0C49925-9660-4D7A-B777-A99B3EC3C4B6}.Debug|Any CPU.ActiveCfg = Debug|Any CPU
		{F0C49925-9660-4D7A-B777-A99B3EC3C4B6}.Debug|Any CPU.Build.0 = Debug|Any CPU
		{F0C49925-9660-4D7A-B777-A99B3EC3C4B6}.Release|Any CPU.ActiveCfg = Release|Any CPU
		{F0C49925-9660-4D7A-B777-A99B3EC3C4B6}.Release|Any CPU.Build.0 = Release|Any CPU
		{5A88788C-249F-4168-A604-CE2502819E32}.Debug|Any CPU.ActiveCfg = Debug|Any CPU
		{5A88788C-249F-4168-A604-CE2502819E32}.Debug|Any CPU.Build.0 = Debug|Any CPU
		{5A88788C-249F-4168-A604-CE2502819E32}.Release|Any CPU.ActiveCfg = Release|Any CPU
		{5A88788C-249F-4168-A604-CE2502819E32}.Release|Any CPU.Build.0 = Release|Any CPU
	EndGlobalSection
	GlobalSection(SolutionProperties) = preSolution
		HideSolutionNode = FALSE
	EndGlobalSection
	GlobalSection(NestedProjects) = preSolution
		{36D3E6D8-2501-44D6-B815-B93610699F99} = {C274F1B2-3836-461F-B509-29BC98D1BAFB}
		{2E3951DB-34F2-45C4-8C21-69F88B2633F7} = {EA271B17-D5FE-4F33-951C-51ECA0D81570}
		{C6E86929-31E5-41E4-99DE-E25F3FADB210} = {B95F8785-502C-41AF-A912-9563937F0713}
		{E8A75724-F20A-4710-BCB7-CB7E1E0B5BE2} = {EA271B17-D5FE-4F33-951C-51ECA0D81570}
		{559E5DFE-9BE4-42A8-BAA9-902EA4715DA5} = {C274F1B2-3836-461F-B509-29BC98D1BAFB}
		{07602941-C638-4756-AE0C-10EBC9ACF3B5} = {E9A02F81-934D-4F07-A82F-B72BA476A34A}
		{71BB2B89-1AEC-4F03-9C91-D859AF7ACDA1} = {E9A02F81-934D-4F07-A82F-B72BA476A34A}
		{EC5BF0F4-A414-45D2-A4C6-7C698F26324A} = {818D07C9-A30E-4F33-BCC4-893B71ECE527}
		{F0841F1F-5F9F-4266-9A80-9F0A635167C4} = {818D07C9-A30E-4F33-BCC4-893B71ECE527}
		{F0C49925-9660-4D7A-B777-A99B3EC3C4B6} = {9294EE74-E7D6-48A0-9E6D-987E9FB122B7}
		{5A88788C-249F-4168-A604-CE2502819E32} = {9294EE74-E7D6-48A0-9E6D-987E9FB122B7}
	EndGlobalSection
EndGlobal
