
Microsoft Visual Studio Solution File, Format Version 12.00
# Visual Studio 14
VisualStudioVersion = 14.0.25420.1
MinimumVisualStudioVersion = 10.0.40219.1
Project("{FAE04EC0-301F-11D3-BF4B-00C04F79EFBC}") = "HIS_PR", "HIS_PR\HIS_PR.csproj", "{3586E4AF-28CB-4925-ACEF-98B8C2B361DA}"
EndProject
Project("{2150E333-8FDC-42A3-9474-1A3956D46DE8}") = "HeThong", "HeThong", "{EA271B17-D5FE-4F33-951C-51ECA0D81570}"
EndProject
Project("{2150E333-8FDC-42A3-9474-1A3956D46DE8}") = "DanhMuc", "DanhMuc", "{C274F1B2-3836-461F-B509-29BC98D1BAFB}"
EndProject
Project("{FAE04EC0-301F-11D3-BF4B-00C04F79EFBC}") = "DanhMuc.GUI", "DanhMuc.GUI\DanhMuc.GUI.csproj", "{36D3E6D8-2501-44D6-B815-B93610699F99}"
EndProject
Project("{FAE04EC0-301F-11D3-BF4B-00C04F79EFBC}") = "HeThong.GUI", "HeThong.GUI\HeThong.GUI.csproj", "{2E3951DB-34F2-45C4-8C21-69F88B2633F7}"
EndProject
Project("{2150E333-8FDC-42A3-9474-1A3956D46DE8}") = "Core", "Core", "{B95F8785-502C-41AF-A912-9563937F0713}"
EndProject
Project("{FAE04EC0-301F-11D3-BF4B-00C04F79EFBC}") = "Core.DAL", "Core.DAL\Core.DAL.csproj", "{C6E86929-31E5-41E4-99DE-E25F3FADB210}"
EndProject
Global
	GlobalSection(SolutionConfigurationPlatforms) = preSolution
		Debug|Any CPU = Debug|Any CPU
		Release|Any CPU = Release|Any CPU
	EndGlobalSection
	GlobalSection(ProjectConfigurationPlatforms) = postSolution
		{3586E4AF-28CB-4925-ACEF-98B8C2B361DA}.Debug|Any CPU.ActiveCfg = Debug|Any CPU
		{3586E4AF-28CB-4925-ACEF-98B8C2B361DA}.Debug|Any CPU.Build.0 = Debug|Any CPU
		{3586E4AF-28CB-4925-ACEF-98B8C2B361DA}.Release|Any CPU.ActiveCfg = Release|Any CPU
		{3586E4AF-28CB-4925-ACEF-98B8C2B361DA}.Release|Any CPU.Build.0 = Release|Any CPU
		{36D3E6D8-2501-44D6-B815-B93610699F99}.Debug|Any CPU.ActiveCfg = Debug|Any CPU
		{36D3E6D8-2501-44D6-B815-B93610699F99}.Debug|Any CPU.Build.0 = Debug|Any CPU
		{36D3E6D8-2501-44D6-B815-B93610699F99}.Release|Any CPU.ActiveCfg = Release|Any CPU
		{36D3E6D8-2501-44D6-B815-B93610699F99}.Release|Any CPU.Build.0 = Release|Any CPU
		{2E3951DB-34F2-45C4-8C21-69F88B2633F7}.Debug|Any CPU.ActiveCfg = Debug|Any CPU
		{2E3951DB-34F2-45C4-8C21-69F88B2633F7}.Debug|Any CPU.Build.0 = Debug|Any CPU
		{2E3951DB-34F2-45C4-8C21-69F88B2633F7}.Release|Any CPU.ActiveCfg = Release|Any CPU
		{2E3951DB-34F2-45C4-8C21-69F88B2633F7}.Release|Any CPU.Build.0 = Release|Any CPU
		{C6E86929-31E5-41E4-99DE-E25F3FADB210}.Debug|Any CPU.ActiveCfg = Debug|Any CPU
		{C6E86929-31E5-41E4-99DE-E25F3FADB210}.Debug|Any CPU.Build.0 = Debug|Any CPU
		{C6E86929-31E5-41E4-99DE-E25F3FADB210}.Release|Any CPU.ActiveCfg = Release|Any CPU
		{C6E86929-31E5-41E4-99DE-E25F3FADB210}.Release|Any CPU.Build.0 = Release|Any CPU
	EndGlobalSection
	GlobalSection(SolutionProperties) = preSolution
		HideSolutionNode = FALSE
	EndGlobalSection
	GlobalSection(NestedProjects) = preSolution
		{36D3E6D8-2501-44D6-B815-B93610699F99} = {C274F1B2-3836-461F-B509-29BC98D1BAFB}
		{2E3951DB-34F2-45C4-8C21-69F88B2633F7} = {EA271B17-D5FE-4F33-951C-51ECA0D81570}
		{C6E86929-31E5-41E4-99DE-E25F3FADB210} = {B95F8785-502C-41AF-A912-9563937F0713}
	EndGlobalSection
EndGlobal
